
Microsoft Visual Studio Solution File, Format Version 12.00
# Visual Studio 14
VisualStudioVersion = 14.0.24720.0
MinimumVisualStudioVersion = 10.0.40219.1
Project("{FAE04EC0-301F-11D3-BF4B-00C04F79EFBC}") = "war_prototype.CSharp", "war_prototype.CSharp.csproj", "{CAA82D64-D7A9-3AC9-CF20-C6A312102609}"
EndProject
Project("{F088123C-0E9E-452A-89E6-6BA2F21D5CAC}") = "ModelingProject1", "Assets\Diagrams\ModelingProject1\ModelingProject1.modelproj", "{29007DB6-FA69-4E8C-9016-B37606D9FCB2}"
EndProject
Project("{F088123C-0E9E-452A-89E6-6BA2F21D5CAC}") = "TanksGameScene", "Assets\Diagrams\TanksGameScene\TanksGameScene.modelproj", "{F6733701-5D23-4C05-883B-2AC7EBFCB33D}"
EndProject
Global
	GlobalSection(SolutionConfigurationPlatforms) = preSolution
		Debug|Any CPU = Debug|Any CPU
		Release|Any CPU = Release|Any CPU
	EndGlobalSection
	GlobalSection(ProjectConfigurationPlatforms) = postSolution
		{CAA82D64-D7A9-3AC9-CF20-C6A312102609}.Debug|Any CPU.ActiveCfg = Debug|Any CPU
		{CAA82D64-D7A9-3AC9-CF20-C6A312102609}.Debug|Any CPU.Build.0 = Debug|Any CPU
		{CAA82D64-D7A9-3AC9-CF20-C6A312102609}.Release|Any CPU.ActiveCfg = Release|Any CPU
		{CAA82D64-D7A9-3AC9-CF20-C6A312102609}.Release|Any CPU.Build.0 = Release|Any CPU
		{29007DB6-FA69-4E8C-9016-B37606D9FCB2}.Debug|Any CPU.ActiveCfg = Debug|Any CPU
		{29007DB6-FA69-4E8C-9016-B37606D9FCB2}.Debug|Any CPU.Build.0 = Debug|Any CPU
		{29007DB6-FA69-4E8C-9016-B37606D9FCB2}.Release|Any CPU.ActiveCfg = Release|Any CPU
		{29007DB6-FA69-4E8C-9016-B37606D9FCB2}.Release|Any CPU.Build.0 = Release|Any CPU
		{F6733701-5D23-4C05-883B-2AC7EBFCB33D}.Debug|Any CPU.ActiveCfg = Debug|Any CPU
		{F6733701-5D23-4C05-883B-2AC7EBFCB33D}.Debug|Any CPU.Build.0 = Debug|Any CPU
		{F6733701-5D23-4C05-883B-2AC7EBFCB33D}.Release|Any CPU.ActiveCfg = Release|Any CPU
		{F6733701-5D23-4C05-883B-2AC7EBFCB33D}.Release|Any CPU.Build.0 = Release|Any CPU
	EndGlobalSection
	GlobalSection(SolutionProperties) = preSolution
		HideSolutionNode = FALSE
	EndGlobalSection
EndGlobal
